{
  "name": "openendovasculartrainer",
  "version": "1.0.0",
  "lockfileVersion": 3,
  "requires": true,
  "packages": {
    "": {
      "name": "openendovasculartrainer",
      "version": "1.0.0",
      "license": "ISC",
      "dependencies": {
        "three": "^0.160.0",
        "three-bvh-csg": "^0.0.17",
        "three-mesh-bvh": "^0.9.1"
      }
    },
    "node_modules/three": {
      "version": "0.160.1",
      "resolved": "https://registry.npmjs.org/three/-/three-0.160.1.tgz",
      "integrity": "sha512-Bgl2wPJypDOZ1stAxwfWAcJ0WQf7QzlptsxkjYiURPz+n5k4RBDLsq+6f9Y75TYxn6aHLcWz+JNmwTOXWrQTBQ==",
      "license": "MIT"
    },
    "node_modules/three-bvh-csg": {
      "version": "0.0.17",
      "resolved": "https://registry.npmjs.org/three-bvh-csg/-/three-bvh-csg-0.0.17.tgz",
      "integrity": "sha512-iEkHDF8GRfGM6593Cuw8SnF1vfENCp46gIAtRzuL4nGXGWPcR1sbTBwM9ptDONb5twqlZp5WkAKya5aBKe2qcA==",
      "license": "MIT",
      "peerDependencies": {
        "three": ">=0.151.0",
        "three-mesh-bvh": ">=0.6.6"
      }
    },
    "node_modules/three-mesh-bvh": {
      "version": "0.9.1",
      "resolved": "https://registry.npmjs.org/three-mesh-bvh/-/three-mesh-bvh-0.9.1.tgz",
      "integrity": "sha512-WNT+m9jGQgtp4YdtwEnl4oFylNVifRf7iphlwWdJ4bJu7oNkY0xHIyntep9OzHuR1hpe/pyAP840gB/EsYDJfg==",
      "license": "MIT",
      "peerDependencies": {
        "three": ">= 0.159.0"
      }
    }
  }
}
